
Microsoft Visual Studio Solution File, Format Version 12.00
# Visual Studio Version 17
VisualStudioVersion = 17.4.33103.184
MinimumVisualStudioVersion = 10.0.40219.1
Project("{FAE04EC0-301F-11D3-BF4B-00C04F79EFBC}") = "Calculador", "Calculador\Calculador.csproj", "{A81768C6-3445-4A08-AE5B-19A4C8777E0C}"
EndProject
Global
	GlobalSection(SolutionConfigurationPlatforms) = preSolution
		Debug|Any CPU = Debug|Any CPU
		Release|Any CPU = Release|Any CPU
	EndGlobalSection
	GlobalSection(ProjectConfigurationPlatforms) = postSolution
		{A81768C6-3445-4A08-AE5B-19A4C8777E0C}.Debug|Any CPU.ActiveCfg = Debug|Any CPU
		{A81768C6-3445-4A08-AE5B-19A4C8777E0C}.Debug|Any CPU.Build.0 = Debug|Any CPU
		{A81768C6-3445-4A08-AE5B-19A4C8777E0C}.Release|Any CPU.ActiveCfg = Release|Any CPU
		{A81768C6-3445-4A08-AE5B-19A4C8777E0C}.Release|Any CPU.Build.0 = Release|Any CPU
	EndGlobalSection
	GlobalSection(SolutionProperties) = preSolution
		HideSolutionNode = FALSE
	EndGlobalSection
	GlobalSection(ExtensibilityGlobals) = postSolution
		SolutionGuid = {A62F01A2-5126-46DD-9579-C599059F5908}
	EndGlobalSection
EndGlobal
